
Microsoft Visual Studio Solution File, Format Version 11.00
# Visual Studio 2010
Project("{FAE04EC0-301F-11D3-BF4B-00C04F79EFBC}") = "TestConnect", "TestConnect\TestConnect.csproj", "{E43E2114-7612-4DDF-AA48-701D774A9C89}"
EndProject
Global
	GlobalSection(SolutionConfigurationPlatforms) = preSolution
		Debug|x86 = Debug|x86
		Release|x86 = Release|x86
	EndGlobalSection
	GlobalSection(ProjectConfigurationPlatforms) = postSolution
		{E43E2114-7612-4DDF-AA48-701D774A9C89}.Debug|x86.ActiveCfg = Debug|x86
		{E43E2114-7612-4DDF-AA48-701D774A9C89}.Debug|x86.Build.0 = Debug|x86
		{E43E2114-7612-4DDF-AA48-701D774A9C89}.Release|x86.ActiveCfg = Release|x86
		{E43E2114-7612-4DDF-AA48-701D774A9C89}.Release|x86.Build.0 = Release|x86
	EndGlobalSection
	GlobalSection(SolutionProperties) = preSolution
		HideSolutionNode = FALSE
	EndGlobalSection
EndGlobal
